// !$*UTF8*$!
{
	archiveVersion = 1;
	classes = {
	};
	objectVersion = 50;
	objects = {

/* Begin PBXBuildFile section */
		8483649A222F502000A3AFCE /* AppDelegate.swift in Sources */ = {isa = PBXBuildFile; fileRef = 84836499222F502000A3AFCE /* AppDelegate.swift */; };
		8483649C222F502000A3AFCE /* DealsViewController.swift in Sources */ = {isa = PBXBuildFile; fileRef = 8483649B222F502000A3AFCE /* DealsViewController.swift */; };
		8483649E222F502000A3AFCE /* WalletViewController.swift in Sources */ = {isa = PBXBuildFile; fileRef = 8483649D222F502000A3AFCE /* WalletViewController.swift */; };
		848364A1222F502000A3AFCE /* Main.storyboard in Resources */ = {isa = PBXBuildFile; fileRef = 8483649F222F502000A3AFCE /* Main.storyboard */; };
		848364A3222F502300A3AFCE /* Assets.xcassets in Resources */ = {isa = PBXBuildFile; fileRef = 848364A2222F502300A3AFCE /* Assets.xcassets */; };
		848364A6222F502300A3AFCE /* LaunchScreen.storyboard in Resources */ = {isa = PBXBuildFile; fileRef = 848364A4222F502300A3AFCE /* LaunchScreen.storyboard */; };
		848364B1222F502300A3AFCE /* Tabbed_AppTests.swift in Sources */ = {isa = PBXBuildFile; fileRef = 848364B0222F502300A3AFCE /* Tabbed_AppTests.swift */; };
		848364BC222F502300A3AFCE /* Tabbed_AppUITests.swift in Sources */ = {isa = PBXBuildFile; fileRef = 848364BB222F502300A3AFCE /* Tabbed_AppUITests.swift */; };
		848364CA222F528E00A3AFCE /* HelpViewController.swift in Sources */ = {isa = PBXBuildFile; fileRef = 848364C9222F528E00A3AFCE /* HelpViewController.swift */; };
		848364CC222F5C9300A3AFCE /* SettingsViewController.swift in Sources */ = {isa = PBXBuildFile; fileRef = 848364CB222F5C9300A3AFCE /* SettingsViewController.swift */; };
		84F742AE222FAB4B009A37FD /* DealTableViewCell.swift in Sources */ = {isa = PBXBuildFile; fileRef = 84F742AD222FAB4B009A37FD /* DealTableViewCell.swift */; };
/* End PBXBuildFile section */

/* Begin PBXContainerItemProxy section */
		848364AD222F502300A3AFCE /* PBXContainerItemProxy */ = {
			isa = PBXContainerItemProxy;
			containerPortal = 8483648E222F502000A3AFCE /* Project object */;
			proxyType = 1;
			remoteGlobalIDString = 84836495222F502000A3AFCE;
			remoteInfo = "Tabbed App";
		};
		848364B8222F502300A3AFCE /* PBXContainerItemProxy */ = {
			isa = PBXContainerItemProxy;
			containerPortal = 8483648E222F502000A3AFCE /* Project object */;
			proxyType = 1;
			remoteGlobalIDString = 84836495222F502000A3AFCE;
			remoteInfo = "Tabbed App";
		};
/* End PBXContainerItemProxy section */

/* Begin PBXFileReference section */
		84836496222F502000A3AFCE /* Tabbed App.app */ = {isa = PBXFileReference; explicitFileType = wrapper.application; includeInIndex = 0; path = "Tabbed App.app"; sourceTree = BUILT_PRODUCTS_DIR; };
		84836499222F502000A3AFCE /* AppDelegate.swift */ = {isa = PBXFileReference; lastKnownFileType = sourcecode.swift; path = AppDelegate.swift; sourceTree = "<group>"; };
		8483649B222F502000A3AFCE /* DealsViewController.swift */ = {isa = PBXFileReference; lastKnownFileType = sourcecode.swift; path = DealsViewController.swift; sourceTree = "<group>"; };
		8483649D222F502000A3AFCE /* WalletViewController.swift */ = {isa = PBXFileReference; lastKnownFileType = sourcecode.swift; path = WalletViewController.swift; sourceTree = "<group>"; };
		848364A0222F502000A3AFCE /* Base */ = {isa = PBXFileReference; lastKnownFileType = file.storyboard; name = Base; path = Base.lproj/Main.storyboard; sourceTree = "<group>"; };
		848364A2222F502300A3AFCE /* Assets.xcassets */ = {isa = PBXFileReference; lastKnownFileType = folder.assetcatalog; path = Assets.xcassets; sourceTree = "<group>"; };
		848364A5222F502300A3AFCE /* Base */ = {isa = PBXFileReference; lastKnownFileType = file.storyboard; name = Base; path = Base.lproj/LaunchScreen.storyboard; sourceTree = "<group>"; };
		848364A7222F502300A3AFCE /* Info.plist */ = {isa = PBXFileReference; lastKnownFileType = text.plist.xml; path = Info.plist; sourceTree = "<group>"; };
		848364AC222F502300A3AFCE /* Tabbed AppTests.xctest */ = {isa = PBXFileReference; explicitFileType = wrapper.cfbundle; includeInIndex = 0; path = "Tabbed AppTests.xctest"; sourceTree = BUILT_PRODUCTS_DIR; };
		848364B0222F502300A3AFCE /* Tabbed_AppTests.swift */ = {isa = PBXFileReference; lastKnownFileType = sourcecode.swift; path = Tabbed_AppTests.swift; sourceTree = "<group>"; };
		848364B2222F502300A3AFCE /* Info.plist */ = {isa = PBXFileReference; lastKnownFileType = text.plist.xml; path = Info.plist; sourceTree = "<group>"; };
		848364B7222F502300A3AFCE /* Tabbed AppUITests.xctest */ = {isa = PBXFileReference; explicitFileType = wrapper.cfbundle; includeInIndex = 0; path = "Tabbed AppUITests.xctest"; sourceTree = BUILT_PRODUCTS_DIR; };
		848364BB222F502300A3AFCE /* Tabbed_AppUITests.swift */ = {isa = PBXFileReference; lastKnownFileType = sourcecode.swift; path = Tabbed_AppUITests.swift; sourceTree = "<group>"; };
		848364BD222F502300A3AFCE /* Info.plist */ = {isa = PBXFileReference; lastKnownFileType = text.plist.xml; path = Info.plist; sourceTree = "<group>"; };
		848364C9222F528E00A3AFCE /* HelpViewController.swift */ = {isa = PBXFileReference; lastKnownFileType = sourcecode.swift; path = HelpViewController.swift; sourceTree = "<group>"; };
		848364CB222F5C9300A3AFCE /* SettingsViewController.swift */ = {isa = PBXFileReference; lastKnownFileType = sourcecode.swift; path = SettingsViewController.swift; sourceTree = "<group>"; };
		84F742AD222FAB4B009A37FD /* DealTableViewCell.swift */ = {isa = PBXFileReference; lastKnownFileType = sourcecode.swift; path = DealTableViewCell.swift; sourceTree = "<group>"; };
/* End PBXFileReference section */

/* Begin PBXFrameworksBuildPhase section */
		84836493222F502000A3AFCE /* Frameworks */ = {
			isa = PBXFrameworksBuildPhase;
			buildActionMask = 2147483647;
			files = (
			);
			runOnlyForDeploymentPostprocessing = 0;
		};
		848364A9222F502300A3AFCE /* Frameworks */ = {
			isa = PBXFrameworksBuildPhase;
			buildActionMask = 2147483647;
			files = (
			);
			runOnlyForDeploymentPostprocessing = 0;
		};
		848364B4222F502300A3AFCE /* Frameworks */ = {
			isa = PBXFrameworksBuildPhase;
			buildActionMask = 2147483647;
			files = (
			);
			runOnlyForDeploymentPostprocessing = 0;
		};
/* End PBXFrameworksBuildPhase section */

/* Begin PBXGroup section */
		8483648D222F502000A3AFCE = {
			isa = PBXGroup;
			children = (
				84836498222F502000A3AFCE /* Tabbed App */,
				848364AF222F502300A3AFCE /* Tabbed AppTests */,
				848364BA222F502300A3AFCE /* Tabbed AppUITests */,
				84836497222F502000A3AFCE /* Products */,
			);
			sourceTree = "<group>";
		};
		84836497222F502000A3AFCE /* Products */ = {
			isa = PBXGroup;
			children = (
				84836496222F502000A3AFCE /* Tabbed App.app */,
				848364AC222F502300A3AFCE /* Tabbed AppTests.xctest */,
				848364B7222F502300A3AFCE /* Tabbed AppUITests.xctest */,
			);
			name = Products;
			sourceTree = "<group>";
		};
		84836498222F502000A3AFCE /* Tabbed App */ = {
			isa = PBXGroup;
			children = (
				84836499222F502000A3AFCE /* AppDelegate.swift */,
				84F742AD222FAB4B009A37FD /* DealTableViewCell.swift */,
				8483649B222F502000A3AFCE /* DealsViewController.swift */,
				8483649D222F502000A3AFCE /* WalletViewController.swift */,
				848364CB222F5C9300A3AFCE /* SettingsViewController.swift */,
				848364C9222F528E00A3AFCE /* HelpViewController.swift */,
				8483649F222F502000A3AFCE /* Main.storyboard */,
				848364A2222F502300A3AFCE /* Assets.xcassets */,
				848364A4222F502300A3AFCE /* LaunchScreen.storyboard */,
				848364A7222F502300A3AFCE /* Info.plist */,
			);
			path = "Tabbed App";
			sourceTree = "<group>";
		};
		848364AF222F502300A3AFCE /* Tabbed AppTests */ = {
			isa = PBXGroup;
			children = (
				848364B0222F502300A3AFCE /* Tabbed_AppTests.swift */,
				848364B2222F502300A3AFCE /* Info.plist */,
			);
			path = "Tabbed AppTests";
			sourceTree = "<group>";
		};
		848364BA222F502300A3AFCE /* Tabbed AppUITests */ = {
			isa = PBXGroup;
			children = (
				848364BB222F502300A3AFCE /* Tabbed_AppUITests.swift */,
				848364BD222F502300A3AFCE /* Info.plist */,
			);
			path = "Tabbed AppUITests";
			sourceTree = "<group>";
		};
/* End PBXGroup section */

/* Begin PBXNativeTarget section */
		84836495222F502000A3AFCE /* Tabbed App */ = {
			isa = PBXNativeTarget;
			buildConfigurationList = 848364C0222F502300A3AFCE /* Build configuration list for PBXNativeTarget "Tabbed App" */;
			buildPhases = (
				84836492222F502000A3AFCE /* Sources */,
				84836493222F502000A3AFCE /* Frameworks */,
				84836494222F502000A3AFCE /* Resources */,
			);
			buildRules = (
			);
			dependencies = (
			);
			name = "Tabbed App";
			productName = "Tabbed App";
			productReference = 84836496222F502000A3AFCE /* Tabbed App.app */;
			productType = "com.apple.product-type.application";
		};
		848364AB222F502300A3AFCE /* Tabbed AppTests */ = {
			isa = PBXNativeTarget;
			buildConfigurationList = 848364C3222F502300A3AFCE /* Build configuration list for PBXNativeTarget "Tabbed AppTests" */;
			buildPhases = (
				848364A8222F502300A3AFCE /* Sources */,
				848364A9222F502300A3AFCE /* Frameworks */,
				848364AA222F502300A3AFCE /* Resources */,
			);
			buildRules = (
			);
			dependencies = (
				848364AE222F502300A3AFCE /* PBXTargetDependency */,
			);
			name = "Tabbed AppTests";
			productName = "Tabbed AppTests";
			productReference = 848364AC222F502300A3AFCE /* Tabbed AppTests.xctest */;
			productType = "com.apple.product-type.bundle.unit-test";
		};
		848364B6222F502300A3AFCE /* Tabbed AppUITests */ = {
			isa = PBXNativeTarget;
			buildConfigurationList = 848364C6222F502300A3AFCE /* Build configuration list for PBXNativeTarget "Tabbed AppUITests" */;
			buildPhases = (
				848364B3222F502300A3AFCE /* Sources */,
				848364B4222F502300A3AFCE /* Frameworks */,
				848364B5222F502300A3AFCE /* Resources */,
			);
			buildRules = (
			);
			dependencies = (
				848364B9222F502300A3AFCE /* PBXTargetDependency */,
			);
			name = "Tabbed AppUITests";
			productName = "Tabbed AppUITests";
			productReference = 848364B7222F502300A3AFCE /* Tabbed AppUITests.xctest */;
			productType = "com.apple.product-type.bundle.ui-testing";
		};
/* End PBXNativeTarget section */

/* Begin PBXProject section */
		8483648E222F502000A3AFCE /* Project object */ = {
			isa = PBXProject;
			attributes = {
				LastSwiftUpdateCheck = 1010;
				LastUpgradeCheck = 1010;
				ORGANIZATIONNAME = "Cherrylyn Baltazar";
				TargetAttributes = {
					84836495222F502000A3AFCE = {
						CreatedOnToolsVersion = 10.1;
					};
					848364AB222F502300A3AFCE = {
						CreatedOnToolsVersion = 10.1;
						TestTargetID = 84836495222F502000A3AFCE;
					};
					848364B6222F502300A3AFCE = {
						CreatedOnToolsVersion = 10.1;
						TestTargetID = 84836495222F502000A3AFCE;
					};
				};
			};
			buildConfigurationList = 84836491222F502000A3AFCE /* Build configuration list for PBXProject "Tabbed App" */;
			compatibilityVersion = "Xcode 9.3";
			developmentRegion = en;
			hasScannedForEncodings = 0;
			knownRegions = (
				en,
				Base,
			);
			mainGroup = 8483648D222F502000A3AFCE;
			productRefGroup = 84836497222F502000A3AFCE /* Products */;
			projectDirPath = "";
			projectRoot = "";
			targets = (
				84836495222F502000A3AFCE /* Tabbed App */,
				848364AB222F502300A3AFCE /* Tabbed AppTests */,
				848364B6222F502300A3AFCE /* Tabbed AppUITests */,
			);
		};
/* End PBXProject section */

/* Begin PBXResourcesBuildPhase section */
		84836494222F502000A3AFCE /* Resources */ = {
			isa = PBXResourcesBuildPhase;
			buildActionMask = 2147483647;
			files = (
				848364A6222F502300A3AFCE /* LaunchScreen.storyboard in Resources */,
				848364A3222F502300A3AFCE /* Assets.xcassets in Resources */,
				848364A1222F502000A3AFCE /* Main.storyboard in Resources */,
			);
			runOnlyForDeploymentPostprocessing = 0;
		};
		848364AA222F502300A3AFCE /* Resources */ = {
			isa = PBXResourcesBuildPhase;
			buildActionMask = 2147483647;
			files = (
			);
			runOnlyForDeploymentPostprocessing = 0;
		};
		848364B5222F502300A3AFCE /* Resources */ = {
			isa = PBXResourcesBuildPhase;
			buildActionMask = 2147483647;
			files = (
			);
			runOnlyForDeploymentPostprocessing = 0;
		};
/* End PBXResourcesBuildPhase section */

/* Begin PBXSourcesBuildPhase section */
		84836492222F502000A3AFCE /* Sources */ = {
			isa = PBXSourcesBuildPhase;
			buildActionMask = 2147483647;
			files = (
				8483649E222F502000A3AFCE /* WalletViewController.swift in Sources */,
				84F742AE222FAB4B009A37FD /* DealTableViewCell.swift in Sources */,
				8483649A222F502000A3AFCE /* AppDelegate.swift in Sources */,
				848364CA222F528E00A3AFCE /* HelpViewController.swift in Sources */,
				8483649C222F502000A3AFCE /* DealsViewController.swift in Sources */,
				848364CC222F5C9300A3AFCE /* SettingsViewController.swift in Sources */,
			);
			runOnlyForDeploymentPostprocessing = 0;
		};
		848364A8222F502300A3AFCE /* Sources */ = {
			isa = PBXSourcesBuildPhase;
			buildActionMask = 2147483647;
			files = (
				848364B1222F502300A3AFCE /* Tabbed_AppTests.swift in Sources */,
			);
			runOnlyForDeploymentPostprocessing = 0;
		};
		848364B3222F502300A3AFCE /* Sources */ = {
			isa = PBXSourcesBuildPhase;
			buildActionMask = 2147483647;
			files = (
				848364BC222F502300A3AFCE /* Tabbed_AppUITests.swift in Sources */,
			);
			runOnlyForDeploymentPostprocessing = 0;
		};
/* End PBXSourcesBuildPhase section */

/* Begin PBXTargetDependency section */
		848364AE222F502300A3AFCE /* PBXTargetDependency */ = {
			isa = PBXTargetDependency;
			target = 84836495222F502000A3AFCE /* Tabbed App */;
			targetProxy = 848364AD222F502300A3AFCE /* PBXContainerItemProxy */;
		};
		848364B9222F502300A3AFCE /* PBXTargetDependency */ = {
			isa = PBXTargetDependency;
			target = 84836495222F502000A3AFCE /* Tabbed App */;
			targetProxy = 848364B8222F502300A3AFCE /* PBXContainerItemProxy */;
		};
/* End PBXTargetDependency section */

/* Begin PBXVariantGroup section */
		8483649F222F502000A3AFCE /* Main.storyboard */ = {
			isa = PBXVariantGroup;
			children = (
				848364A0222F502000A3AFCE /* Base */,
			);
			name = Main.storyboard;
			sourceTree = "<group>";
		};
		848364A4222F502300A3AFCE /* LaunchScreen.storyboard */ = {
			isa = PBXVariantGroup;
			children = (
				848364A5222F502300A3AFCE /* Base */,
			);
			name = LaunchScreen.storyboard;
			sourceTree = "<group>";
		};
/* End PBXVariantGroup section */

/* Begin XCBuildConfiguration section */
		848364BE222F502300A3AFCE /* Debug */ = {
			isa = XCBuildConfiguration;
			buildSettings = {
				ALWAYS_SEARCH_USER_PATHS = NO;
				CLANG_ANALYZER_NONNULL = YES;
				CLANG_ANALYZER_NUMBER_OBJECT_CONVERSION = YES_AGGRESSIVE;
				CLANG_CXX_LANGUAGE_STANDARD = "gnu++14";
				CLANG_CXX_LIBRARY = "libc++";
				CLANG_ENABLE_MODULES = YES;
				CLANG_ENABLE_OBJC_ARC = YES;
				CLANG_ENABLE_OBJC_WEAK = YES;
				CLANG_WARN_BLOCK_CAPTURE_AUTORELEASING = YES;
				CLANG_WARN_BOOL_CONVERSION = YES;
				CLANG_WARN_COMMA = YES;
				CLANG_WARN_CONSTANT_CONVERSION = YES;
				CLANG_WARN_DEPRECATED_OBJC_IMPLEMENTATIONS = YES;
				CLANG_WARN_DIRECT_OBJC_ISA_USAGE = YES_ERROR;
				CLANG_WARN_DOCUMENTATION_COMMENTS = YES;
				CLANG_WARN_EMPTY_BODY = YES;
				CLANG_WARN_ENUM_CONVERSION = YES;
				CLANG_WARN_INFINITE_RECURSION = YES;
				CLANG_WARN_INT_CONVERSION = YES;
				CLANG_WARN_NON_LITERAL_NULL_CONVERSION = YES;
				CLANG_WARN_OBJC_IMPLICIT_RETAIN_SELF = YES;
				CLANG_WARN_OBJC_LITERAL_CONVERSION = YES;
				CLANG_WARN_OBJC_ROOT_CLASS = YES_ERROR;
				CLANG_WARN_RANGE_LOOP_ANALYSIS = YES;
				CLANG_WARN_STRICT_PROTOTYPES = YES;
				CLANG_WARN_SUSPICIOUS_MOVE = YES;
				CLANG_WARN_UNGUARDED_AVAILABILITY = YES_AGGRESSIVE;
				CLANG_WARN_UNREACHABLE_CODE = YES;
				CLANG_WARN__DUPLICATE_METHOD_MATCH = YES;
				CODE_SIGN_IDENTITY = "iPhone Developer";
				COPY_PHASE_STRIP = NO;
				DEBUG_INFORMATION_FORMAT = dwarf;
				ENABLE_STRICT_OBJC_MSGSEND = YES;
				ENABLE_TESTABILITY = YES;
				GCC_C_LANGUAGE_STANDARD = gnu11;
				GCC_DYNAMIC_NO_PIC = NO;
				GCC_NO_COMMON_BLOCKS = YES;
				GCC_OPTIMIZATION_LEVEL = 0;
				GCC_PREPROCESSOR_DEFINITIONS = (
					"DEBUG=1",
					"$(inherited)",
				);
				GCC_WARN_64_TO_32_BIT_CONVERSION = YES;
				GCC_WARN_ABOUT_RETURN_TYPE = YES_ERROR;
				GCC_WARN_UNDECLARED_SELECTOR = YES;
				GCC_WARN_UNINITIALIZED_AUTOS = YES_AGGRESSIVE;
				GCC_WARN_UNUSED_FUNCTION = YES;
				GCC_WARN_UNUSED_VARIABLE = YES;
				IPHONEOS_DEPLOYMENT_TARGET = 12.1;
				MTL_ENABLE_DEBUG_INFO = INCLUDE_SOURCE;
				MTL_FAST_MATH = YES;
				ONLY_ACTIVE_ARCH = YES;
				SDKROOT = iphoneos;
				SWIFT_ACTIVE_COMPILATION_CONDITIONS = DEBUG;
				SWIFT_OPTIMIZATION_LEVEL = "-Onone";
			};
			name = Debug;
		};
		848364BF222F502300A3AFCE /* Release */ = {
			isa = XCBuildConfiguration;
			buildSettings = {
				ALWAYS_SEARCH_USER_PATHS = NO;
				CLANG_ANALYZER_NONNULL = YES;
				CLANG_ANALYZER_NUMBER_OBJECT_CONVERSION = YES_AGGRESSIVE;
				CLANG_CXX_LANGUAGE_STANDARD = "gnu++14";
				CLANG_CXX_LIBRARY = "libc++";
				CLANG_ENABLE_MODULES = YES;
				CLANG_ENABLE_OBJC_ARC = YES;
				CLANG_ENABLE_OBJC_WEAK = YES;
				CLANG_WARN_BLOCK_CAPTURE_AUTORELEASING = YES;
				CLANG_WARN_BOOL_CONVERSION = YES;
				CLANG_WARN_COMMA = YES;
				CLANG_WARN_CONSTANT_CONVERSION = YES;
				CLANG_WARN_DEPRECATED_OBJC_IMPLEMENTATIONS = YES;
				CLANG_WARN_DIRECT_OBJC_ISA_USAGE = YES_ERROR;
				CLANG_WARN_DOCUMENTATION_COMMENTS = YES;
				CLANG_WARN_EMPTY_BODY = YES;
				CLANG_WARN_ENUM_CONVERSION = YES;
				CLANG_WARN_INFINITE_RECURSION = YES;
				CLANG_WARN_INT_CONVERSION = YES;
				CLANG_WARN_NON_LITERAL_NULL_CONVERSION = YES;
				CLANG_WARN_OBJC_IMPLICIT_RETAIN_SELF = YES;
				CLANG_WARN_OBJC_LITERAL_CONVERSION = YES;
				CLANG_WARN_OBJC_ROOT_CLASS = YES_ERROR;
				CLANG_WARN_RANGE_LOOP_ANALYSIS = YES;
				CLANG_WARN_STRICT_PROTOTYPES = YES;
				CLANG_WARN_SUSPICIOUS_MOVE = YES;
				CLANG_WARN_UNGUARDED_AVAILABILITY = YES_AGGRESSIVE;
				CLANG_WARN_UNREACHABLE_CODE = YES;
				CLANG_WARN__DUPLICATE_METHOD_MATCH = YES;
				CODE_SIGN_IDENTITY = "iPhone Developer";
				COPY_PHASE_STRIP = NO;
				DEBUG_INFORMATION_FORMAT = "dwarf-with-dsym";
				ENABLE_NS_ASSERTIONS = NO;
				ENABLE_STRICT_OBJC_MSGSEND = YES;
				GCC_C_LANGUAGE_STANDARD = gnu11;
				GCC_NO_COMMON_BLOCKS = YES;
				GCC_WARN_64_TO_32_BIT_CONVERSION = YES;
				GCC_WARN_ABOUT_RETURN_TYPE = YES_ERROR;
				GCC_WARN_UNDECLARED_SELECTOR = YES;
				GCC_WARN_UNINITIALIZED_AUTOS = YES_AGGRESSIVE;
				GCC_WARN_UNUSED_FUNCTION = YES;
				GCC_WARN_UNUSED_VARIABLE = YES;
				IPHONEOS_DEPLOYMENT_TARGET = 12.1;
				MTL_ENABLE_DEBUG_INFO = NO;
				MTL_FAST_MATH = YES;
				SDKROOT = iphoneos;
				SWIFT_COMPILATION_MODE = wholemodule;
				SWIFT_OPTIMIZATION_LEVEL = "-O";
				VALIDATE_PRODUCT = YES;
			};
			name = Release;
		};
		848364C1222F502300A3AFCE /* Debug */ = {
			isa = XCBuildConfiguration;
			buildSettings = {
				ASSETCATALOG_COMPILER_APPICON_NAME = AppIcon;
				CODE_SIGN_STYLE = Automatic;
				DEVELOPMENT_TEAM = N38W6PE744;
				INFOPLIST_FILE = "Tabbed App/Info.plist";
				LD_RUNPATH_SEARCH_PATHS = (
					"$(inherited)",
					"@executable_path/Frameworks",
				);
				PRODUCT_BUNDLE_IDENTIFIER = "com.baltazar.Tabbed-App";
				PRODUCT_NAME = "$(TARGET_NAME)";
				SWIFT_VERSION = 4.2;
				TARGETED_DEVICE_FAMILY = "1,2";
			};
			name = Debug;
		};
		848364C2222F502300A3AFCE /* Release */ = {
			isa = XCBuildConfiguration;
			buildSettings = {
				ASSETCATALOG_COMPILER_APPICON_NAME = AppIcon;
				CODE_SIGN_STYLE = Automatic;
				DEVELOPMENT_TEAM = N38W6PE744;
				INFOPLIST_FILE = "Tabbed App/Info.plist";
				LD_RUNPATH_SEARCH_PATHS = (
					"$(inherited)",
					"@executable_path/Frameworks",
				);
				PRODUCT_BUNDLE_IDENTIFIER = "com.baltazar.Tabbed-App";
				PRODUCT_NAME = "$(TARGET_NAME)";
				SWIFT_VERSION = 4.2;
				TARGETED_DEVICE_FAMILY = "1,2";
			};
			name = Release;
		};
		848364C4222F502300A3AFCE /* Debug */ = {
			isa = XCBuildConfiguration;
			buildSettings = {
				ALWAYS_EMBED_SWIFT_STANDARD_LIBRARIES = YES;
				BUNDLE_LOADER = "$(TEST_HOST)";
				CODE_SIGN_STYLE = Automatic;
				DEVELOPMENT_TEAM = N38W6PE744;
				INFOPLIST_FILE = "Tabbed AppTests/Info.plist";
				LD_RUNPATH_SEARCH_PATHS = (
					"$(inherited)",
					"@executable_path/Frameworks",
					"@loader_path/Frameworks",
				);
				PRODUCT_BUNDLE_IDENTIFIER = "com.baltazar.Tabbed-AppTests";
				PRODUCT_NAME = "$(TARGET_NAME)";
				SWIFT_VERSION = 4.2;
				TARGETED_DEVICE_FAMILY = "1,2";
				TEST_HOST = "$(BUILT_PRODUCTS_DIR)/Tabbed App.app/Tabbed App";
			};
			name = Debug;
		};
		848364C5222F502300A3AFCE /* Release */ = {
			isa = XCBuildConfiguration;
			buildSettings = {
				ALWAYS_EMBED_SWIFT_STANDARD_LIBRARIES = YES;
				BUNDLE_LOADER = "$(TEST_HOST)";
				CODE_SIGN_STYLE = Automatic;
				DEVELOPMENT_TEAM = N38W6PE744;
				INFOPLIST_FILE = "Tabbed AppTests/Info.plist";
				LD_RUNPATH_SEARCH_PATHS = (
					"$(inherited)",
					"@executable_path/Frameworks",
					"@loader_path/Frameworks",
				);
				PRODUCT_BUNDLE_IDENTIFIER = "com.baltazar.Tabbed-AppTests";
				PRODUCT_NAME = "$(TARGET_NAME)";
				SWIFT_VERSION = 4.2;
				TARGETED_DEVICE_FAMILY = "1,2";
				TEST_HOST = "$(BUILT_PRODUCTS_DIR)/Tabbed App.app/Tabbed App";
			};
			name = Release;
		};
		848364C7222F502300A3AFCE /* Debug */ = {
			isa = XCBuildConfiguration;
			buildSettings = {
				ALWAYS_EMBED_SWIFT_STANDARD_LIBRARIES = YES;
				CODE_SIGN_STYLE = Automatic;
				DEVELOPMENT_TEAM = N38W6PE744;
				INFOPLIST_FILE = "Tabbed AppUITests/Info.plist";
				LD_RUNPATH_SEARCH_PATHS = (
					"$(inherited)",
					"@executable_path/Frameworks",
					"@loader_path/Frameworks",
				);
				PRODUCT_BUNDLE_IDENTIFIER = "com.baltazar.Tabbed-AppUITests";
				PRODUCT_NAME = "$(TARGET_NAME)";
				SWIFT_VERSION = 4.2;
				TARGETED_DEVICE_FAMILY = "1,2";
				TEST_TARGET_NAME = "Tabbed App";
			};
			name = Debug;
		};
		848364C8222F502300A3AFCE /* Release */ = {
			isa = XCBuildConfiguration;
			buildSettings = {
				ALWAYS_EMBED_SWIFT_STANDARD_LIBRARIES = YES;
				CODE_SIGN_STYLE = Automatic;
				DEVELOPMENT_TEAM = N38W6PE744;
				INFOPLIST_FILE = "Tabbed AppUITests/Info.plist";
				LD_RUNPATH_SEARCH_PATHS = (
					"$(inherited)",
					"@executable_path/Frameworks",
					"@loader_path/Frameworks",
				);
				PRODUCT_BUNDLE_IDENTIFIER = "com.baltazar.Tabbed-AppUITests";
				PRODUCT_NAME = "$(TARGET_NAME)";
				SWIFT_VERSION = 4.2;
				TARGETED_DEVICE_FAMILY = "1,2";
				TEST_TARGET_NAME = "Tabbed App";
			};
			name = Release;
		};
/* End XCBuildConfiguration section */

/* Begin XCConfigurationList section */
		84836491222F502000A3AFCE /* Build configuration list for PBXProject "Tabbed App" */ = {
			isa = XCConfigurationList;
			buildConfigurations = (
				848364BE222F502300A3AFCE /* Debug */,
				848364BF222F502300A3AFCE /* Release */,
			);
			defaultConfigurationIsVisible = 0;
			defaultConfigurationName = Release;
		};
		848364C0222F502300A3AFCE /* Build configuration list for PBXNativeTarget "Tabbed App" */ = {
			isa = XCConfigurationList;
			buildConfigurations = (
				848364C1222F502300A3AFCE /* Debug */,
				848364C2222F502300A3AFCE /* Release */,
			);
			defaultConfigurationIsVisible = 0;
			defaultConfigurationName = Release;
		};
		848364C3222F502300A3AFCE /* Build configuration list for PBXNativeTarget "Tabbed AppTests" */ = {
			isa = XCConfigurationList;
			buildConfigurations = (
				848364C4222F502300A3AFCE /* Debug */,
				848364C5222F502300A3AFCE /* Release */,
			);
			defaultConfigurationIsVisible = 0;
			defaultConfigurationName = Release;
		};
		848364C6222F502300A3AFCE /* Build configuration list for PBXNativeTarget "Tabbed AppUITests" */ = {
			isa = XCConfigurationList;
			buildConfigurations = (
				848364C7222F502300A3AFCE /* Debug */,
				848364C8222F502300A3AFCE /* Release */,
			);
			defaultConfigurationIsVisible = 0;
			defaultConfigurationName = Release;
		};
/* End XCConfigurationList section */
	};
	rootObject = 8483648E222F502000A3AFCE /* Project object */;
}
